{
  "name": "convert_gpx",
  "version": "0.0.1",
  "lockfileVersion": 3,
  "requires": true,
  "packages": {
    "": {
      "name": "convert_gpx",
      "version": "0.0.1",
      "license": "MIT",
      "dependencies": {
        "@tmcw/togeojson": "^5.6.0",
        "@xmldom/xmldom": "^0.8.10"
      },
      "bin": {
        "togeojson": "index.js"
      }
    },
    "node_modules/@tmcw/togeojson": {
      "version": "5.6.0",
      "resolved": "https://registry.npmjs.org/@tmcw/togeojson/-/togeojson-5.6.0.tgz",
      "integrity": "sha512-p+c0kbSY/tIwd3C0rpmTf3iFAOUYV6bkJbDiq0oQDGROOc7c6uh/X8r/mijY6SIFYIkVuKc8MS2REKhur2e6Jw==",
      "peerDependencies": {
        "@types/geojson": "*"
      }
    },
    "node_modules/@types/geojson": {
      "version": "7946.0.10",
      "resolved": "https://registry.npmjs.org/@types/geojson/-/geojson-7946.0.10.tgz",
      "integrity": "sha512-Nmh0K3iWQJzniTuPRcJn5hxXkfB1T1pgB89SBig5PlJQU5yocazeu4jATJlaA0GYFKWMqDdvYemoSnF2pXgLVA==",
      "peer": true
    },
    "node_modules/@xmldom/xmldom": {
      "version": "0.8.10",
      "resolved": "https://registry.npmjs.org/@xmldom/xmldom/-/xmldom-0.8.10.tgz",
      "integrity": "sha512-2WALfTl4xo2SkGCYRt6rDTFfk9R1czmBvUQy12gK2KuRKIpWEhcbbzy8EZXtz/jkRqHX8bFEc6FC1HjX4TUWYw==",
      "engines": {
        "node": ">=10.0.0"
      }
    }
  }
}
